{
  "name": "transmonitor",
  "version": "0.1.0",
  "lockfileVersion": 1,
  "requires": true,
  "dependencies": {
    "cz-gitmoji-changelog": {
      "version": "1.1.0",
      "resolved": "https://registry.npmjs.org/cz-gitmoji-changelog/-/cz-gitmoji-changelog-1.1.0.tgz",
      "integrity": "sha1-y9PQDbJ3kt7R9uaNR3hqVWvfNP0=",
      "dev": true,
      "requires": {
        "gitmoji-commit-types": "1.2.1",
        "lodash.map": "4.6.0",
        "longest": "2.0.1",
        "right-pad": "1.0.1",
        "word-wrap": "1.2.3"
      }
    },
    "gitmoji-commit-types": {
      "version": "1.2.1",
      "resolved": "https://registry.npmjs.org/gitmoji-commit-types/-/gitmoji-commit-types-1.2.1.tgz",
      "integrity": "sha1-woYhz8K220a6U2wUlA+X0OGFZmw=",
      "dev": true
    },
    "lodash.map": {
      "version": "4.6.0",
      "resolved": "https://registry.npmjs.org/lodash.map/-/lodash.map-4.6.0.tgz",
      "integrity": "sha1-dx7Hg540c9nEzeKLGTlMNWL09tM=",
      "dev": true
    },
    "longest": {
      "version": "2.0.1",
      "resolved": "https://registry.npmjs.org/longest/-/longest-2.0.1.tgz",
      "integrity": "sha1-eB4YMpaqlPbU2RbcM10NF676I/g=",
      "dev": true
    },
    "right-pad": {
      "version": "1.0.1",
      "resolved": "https://registry.npmjs.org/right-pad/-/right-pad-1.0.1.tgz",
      "integrity": "sha1-jKCMLLtbVedNr6lr9/0aJ9VoyNA=",
      "dev": true
    },
    "word-wrap": {
      "version": "1.2.3",
      "resolved": "https://registry.npmjs.org/word-wrap/-/word-wrap-1.2.3.tgz",
      "integrity": "sha512-Hz/mrNwitNRh/HUAtM/VT/5VH+ygD6DV7mYKZAtHOrbs8U7lvPS6xf7EJKMF0uW1KJCl0H701g3ZGus+muE5vQ==",
      "dev": true
    }
  }
}
